
Microsoft Visual Studio Solution File, Format Version 12.00
# Visual Studio Version 17
VisualStudioVersion = 17.0.31912.275
MinimumVisualStudioVersion = 10.0.40219.1
Project("{FAE04EC0-301F-11D3-BF4B-00C04F79EFBC}") = "CRUDProdutos", "CRUDProdutos\CRUDProdutos.csproj", "{634F0A6E-3D72-48B7-A0EF-7841549796B8}"
EndProject
Global
	GlobalSection(SolutionConfigurationPlatforms) = preSolution
		Debug|Any CPU = Debug|Any CPU
		Release|Any CPU = Release|Any CPU
	EndGlobalSection
	GlobalSection(ProjectConfigurationPlatforms) = postSolution
		{634F0A6E-3D72-48B7-A0EF-7841549796B8}.Debug|Any CPU.ActiveCfg = Debug|Any CPU
		{634F0A6E-3D72-48B7-A0EF-7841549796B8}.Debug|Any CPU.Build.0 = Debug|Any CPU
		{634F0A6E-3D72-48B7-A0EF-7841549796B8}.Release|Any CPU.ActiveCfg = Release|Any CPU
		{634F0A6E-3D72-48B7-A0EF-7841549796B8}.Release|Any CPU.Build.0 = Release|Any CPU
	EndGlobalSection
	GlobalSection(SolutionProperties) = preSolution
		HideSolutionNode = FALSE
	EndGlobalSection
	GlobalSection(ExtensibilityGlobals) = postSolution
		SolutionGuid = {19E6331E-9866-4388-8A7F-DED1F6FD5CA5}
	EndGlobalSection
EndGlobal
